
Microsoft Visual Studio Solution File, Format Version 12.00
# Visual Studio Version 16
VisualStudioVersion = 16.0.30413.136
MinimumVisualStudioVersion = 10.0.40219.1
Project("{FAE04EC0-301F-11D3-BF4B-00C04F79EFBC}") = "Shop", "Shop\Shop.csproj", "{1EDB3667-95CF-4916-AACC-D155265A6D7C}"
EndProject
Project("{FAE04EC0-301F-11D3-BF4B-00C04F79EFBC}") = "CLRFunction", "CLRFunction\CLRFunction.csproj", "{490443FD-8025-4571-952E-4C7A94F96818}"
EndProject
Global
	GlobalSection(SolutionConfigurationPlatforms) = preSolution
		Debug|Any CPU = Debug|Any CPU
		Release|Any CPU = Release|Any CPU
	EndGlobalSection
	GlobalSection(ProjectConfigurationPlatforms) = postSolution
		{1EDB3667-95CF-4916-AACC-D155265A6D7C}.Debug|Any CPU.ActiveCfg = Debug|Any CPU
		{1EDB3667-95CF-4916-AACC-D155265A6D7C}.Debug|Any CPU.Build.0 = Debug|Any CPU
		{1EDB3667-95CF-4916-AACC-D155265A6D7C}.Release|Any CPU.ActiveCfg = Release|Any CPU
		{1EDB3667-95CF-4916-AACC-D155265A6D7C}.Release|Any CPU.Build.0 = Release|Any CPU
		{490443FD-8025-4571-952E-4C7A94F96818}.Debug|Any CPU.ActiveCfg = Debug|Any CPU
		{490443FD-8025-4571-952E-4C7A94F96818}.Debug|Any CPU.Build.0 = Debug|Any CPU
		{490443FD-8025-4571-952E-4C7A94F96818}.Release|Any CPU.ActiveCfg = Release|Any CPU
		{490443FD-8025-4571-952E-4C7A94F96818}.Release|Any CPU.Build.0 = Release|Any CPU
	EndGlobalSection
	GlobalSection(SolutionProperties) = preSolution
		HideSolutionNode = FALSE
	EndGlobalSection
	GlobalSection(ExtensibilityGlobals) = postSolution
		SolutionGuid = {CF0384F1-1407-439D-8EF5-DD6CAF46E988}
	EndGlobalSection
EndGlobal
